
Microsoft Visual Studio Solution File, Format Version 12.00
# Visual Studio Version 16
VisualStudioVersion = 16.0.33130.400
MinimumVisualStudioVersion = 10.0.40219.1
Project("{FAE04EC0-301F-11D3-BF4B-00C04F79EFBC}") = "Gerenciamento", "Gerenciamento\Gerenciamento.csproj", "{3D355214-B143-49CC-B469-D19B04DC6D5B}"
EndProject
Global
	GlobalSection(SolutionConfigurationPlatforms) = preSolution
		Debug|Any CPU = Debug|Any CPU
		Release|Any CPU = Release|Any CPU
	EndGlobalSection
	GlobalSection(ProjectConfigurationPlatforms) = postSolution
		{3D355214-B143-49CC-B469-D19B04DC6D5B}.Debug|Any CPU.ActiveCfg = Debug|Any CPU
		{3D355214-B143-49CC-B469-D19B04DC6D5B}.Debug|Any CPU.Build.0 = Debug|Any CPU
		{3D355214-B143-49CC-B469-D19B04DC6D5B}.Release|Any CPU.ActiveCfg = Release|Any CPU
		{3D355214-B143-49CC-B469-D19B04DC6D5B}.Release|Any CPU.Build.0 = Release|Any CPU
	EndGlobalSection
	GlobalSection(SolutionProperties) = preSolution
		HideSolutionNode = FALSE
	EndGlobalSection
	GlobalSection(ExtensibilityGlobals) = postSolution
		SolutionGuid = {34A64FA7-709A-4A9F-A533-4ED062E4B6D9}
	EndGlobalSection
EndGlobal
